// !$*UTF8*$!
{
	archiveVersion = 1;
	classes = {
	};
	objectVersion = 50;
	objects = {

/* Begin PBXBuildFile section */
		4A529BAD20D00BBB004284EF /* AppDelegate.swift in Sources */ = {isa = PBXBuildFile; fileRef = 4A529BAC20D00BBB004284EF /* AppDelegate.swift */; };
		4A529BAF20D00BBB004284EF /* ViewController.swift in Sources */ = {isa = PBXBuildFile; fileRef = 4A529BAE20D00BBB004284EF /* ViewController.swift */; };
		4A529BB220D00BBB004284EF /* Main.storyboard in Resources */ = {isa = PBXBuildFile; fileRef = 4A529BB020D00BBB004284EF /* Main.storyboard */; };
		4A529BB420D00BBE004284EF /* Assets.xcassets in Resources */ = {isa = PBXBuildFile; fileRef = 4A529BB320D00BBE004284EF /* Assets.xcassets */; };
		4A529BB720D00BBE004284EF /* LaunchScreen.storyboard in Resources */ = {isa = PBXBuildFile; fileRef = 4A529BB520D00BBE004284EF /* LaunchScreen.storyboard */; };
		C1C928A7B0E84BF83EA0F2F8 /* Pods_FinanteqInterview.framework in Frameworks */ = {isa = PBXBuildFile; fileRef = E50D7E50C53A9AAEAEC86804 /* Pods_FinanteqInterview.framework */; };
/* End PBXBuildFile section */

/* Begin PBXFileReference section */
		35A0533D334F6C8145AA4F48 /* Pods-FinanteqInterview.release.xcconfig */ = {isa = PBXFileReference; includeInIndex = 1; lastKnownFileType = text.xcconfig; name = "Pods-FinanteqInterview.release.xcconfig"; path = "Pods/Target Support Files/Pods-FinanteqInterview/Pods-FinanteqInterview.release.xcconfig"; sourceTree = "<group>"; };
		4A529BA920D00BBB004284EF /* FinanteqInterview.app */ = {isa = PBXFileReference; explicitFileType = wrapper.application; includeInIndex = 0; path = FinanteqInterview.app; sourceTree = BUILT_PRODUCTS_DIR; };
		4A529BAC20D00BBB004284EF /* AppDelegate.swift */ = {isa = PBXFileReference; lastKnownFileType = sourcecode.swift; path = AppDelegate.swift; sourceTree = "<group>"; };
		4A529BAE20D00BBB004284EF /* ViewController.swift */ = {isa = PBXFileReference; lastKnownFileType = sourcecode.swift; path = ViewController.swift; sourceTree = "<group>"; };
		4A529BB120D00BBB004284EF /* Base */ = {isa = PBXFileReference; lastKnownFileType = file.storyboard; name = Base; path = Base.lproj/Main.storyboard; sourceTree = "<group>"; };
		4A529BB320D00BBE004284EF /* Assets.xcassets */ = {isa = PBXFileReference; lastKnownFileType = folder.assetcatalog; path = Assets.xcassets; sourceTree = "<group>"; };
		4A529BB620D00BBE004284EF /* Base */ = {isa = PBXFileReference; lastKnownFileType = file.storyboard; name = Base; path = Base.lproj/LaunchScreen.storyboard; sourceTree = "<group>"; };
		4A529BB820D00BBE004284EF /* Info.plist */ = {isa = PBXFileReference; lastKnownFileType = text.plist.xml; path = Info.plist; sourceTree = "<group>"; };
		4FBC223266F37BD92D05AD38 /* Pods-FinanteqInterview.debug.xcconfig */ = {isa = PBXFileReference; includeInIndex = 1; lastKnownFileType = text.xcconfig; name = "Pods-FinanteqInterview.debug.xcconfig"; path = "Pods/Target Support Files/Pods-FinanteqInterview/Pods-FinanteqInterview.debug.xcconfig"; sourceTree = "<group>"; };
		E50D7E50C53A9AAEAEC86804 /* Pods_FinanteqInterview.framework */ = {isa = PBXFileReference; explicitFileType = wrapper.framework; includeInIndex = 0; path = Pods_FinanteqInterview.framework; sourceTree = BUILT_PRODUCTS_DIR; };
/* End PBXFileReference section */

/* Begin PBXFrameworksBuildPhase section */
		4A529BA620D00BBB004284EF /* Frameworks */ = {
			isa = PBXFrameworksBuildPhase;
			buildActionMask = 2147483647;
			files = (
				C1C928A7B0E84BF83EA0F2F8 /* Pods_FinanteqInterview.framework in Frameworks */,
			);
			runOnlyForDeploymentPostprocessing = 0;
		};
/* End PBXFrameworksBuildPhase section */

/* Begin PBXGroup section */
		187C53CE1005BC7C7CF02659 /* Frameworks */ = {
			isa = PBXGroup;
			children = (
				E50D7E50C53A9AAEAEC86804 /* Pods_FinanteqInterview.framework */,
			);
			name = Frameworks;
			sourceTree = "<group>";
		};
		4A529BA020D00BBB004284EF = {
			isa = PBXGroup;
			children = (
				4A529BAB20D00BBB004284EF /* FinanteqInterview */,
				4A529BAA20D00BBB004284EF /* Products */,
				E30CD89BE7225ABC5A8D6132 /* Pods */,
				187C53CE1005BC7C7CF02659 /* Frameworks */,
			);
			sourceTree = "<group>";
		};
		4A529BAA20D00BBB004284EF /* Products */ = {
			isa = PBXGroup;
			children = (
				4A529BA920D00BBB004284EF /* FinanteqInterview.app */,
			);
			name = Products;
			sourceTree = "<group>";
		};
		4A529BAB20D00BBB004284EF /* FinanteqInterview */ = {
			isa = PBXGroup;
			children = (
				4A529BC020D00D18004284EF /* Scenes */,
				4A529BBF20D00D10004284EF /* Common */,
				4A529BBE20D00D03004284EF /* Models */,
				4A529BAC20D00BBB004284EF /* AppDelegate.swift */,
				4A529BAE20D00BBB004284EF /* ViewController.swift */,
				4A529BB020D00BBB004284EF /* Main.storyboard */,
				4A529BB320D00BBE004284EF /* Assets.xcassets */,
				4A529BB520D00BBE004284EF /* LaunchScreen.storyboard */,
				4A529BB820D00BBE004284EF /* Info.plist */,
			);
			path = FinanteqInterview;
			sourceTree = "<group>";
		};
		4A529BBE20D00D03004284EF /* Models */ = {
			isa = PBXGroup;
			children = (
			);
			path = Models;
			sourceTree = "<group>";
		};
		4A529BBF20D00D10004284EF /* Common */ = {
			isa = PBXGroup;
			children = (
			);
			path = Common;
			sourceTree = "<group>";
		};
		4A529BC020D00D18004284EF /* Scenes */ = {
			isa = PBXGroup;
			children = (
			);
			path = Scenes;
			sourceTree = "<group>";
		};
		E30CD89BE7225ABC5A8D6132 /* Pods */ = {
			isa = PBXGroup;
			children = (
				4FBC223266F37BD92D05AD38 /* Pods-FinanteqInterview.debug.xcconfig */,
				35A0533D334F6C8145AA4F48 /* Pods-FinanteqInterview.release.xcconfig */,
			);
			name = Pods;
			sourceTree = "<group>";
		};
/* End PBXGroup section */

/* Begin PBXNativeTarget section */
		4A529BA820D00BBB004284EF /* FinanteqInterview */ = {
			isa = PBXNativeTarget;
			buildConfigurationList = 4A529BBB20D00BBE004284EF /* Build configuration list for PBXNativeTarget "FinanteqInterview" */;
			buildPhases = (
				7DBBB575840E2B396A232DBD /* [CP] Check Pods Manifest.lock */,
				4A529BA520D00BBB004284EF /* Sources */,
				4A529BA620D00BBB004284EF /* Frameworks */,
				4A529BA720D00BBB004284EF /* Resources */,
				88AAEA5BB807FBA5EB29EF78 /* [CP] Embed Pods Frameworks */,
			);
			buildRules = (
			);
			dependencies = (
			);
			name = FinanteqInterview;
			productName = FinanteqInterview;
			productReference = 4A529BA920D00BBB004284EF /* FinanteqInterview.app */;
			productType = "com.apple.product-type.application";
		};
/* End PBXNativeTarget section */

/* Begin PBXProject section */
		4A529BA120D00BBB004284EF /* Project object */ = {
			isa = PBXProject;
			attributes = {
				LastSwiftUpdateCheck = 0930;
				LastUpgradeCheck = 0930;
				ORGANIZATIONNAME = "Dom-Pat";
				TargetAttributes = {
					4A529BA820D00BBB004284EF = {
						CreatedOnToolsVersion = 9.3;
					};
				};
			};
			buildConfigurationList = 4A529BA420D00BBB004284EF /* Build configuration list for PBXProject "FinanteqInterview" */;
			compatibilityVersion = "Xcode 9.3";
			developmentRegion = en;
			hasScannedForEncodings = 0;
			knownRegions = (
				en,
				Base,
			);
			mainGroup = 4A529BA020D00BBB004284EF;
			productRefGroup = 4A529BAA20D00BBB004284EF /* Products */;
			projectDirPath = "";
			projectRoot = "";
			targets = (
				4A529BA820D00BBB004284EF /* FinanteqInterview */,
			);
		};
/* End PBXProject section */

/* Begin PBXResourcesBuildPhase section */
		4A529BA720D00BBB004284EF /* Resources */ = {
			isa = PBXResourcesBuildPhase;
			buildActionMask = 2147483647;
			files = (
				4A529BB720D00BBE004284EF /* LaunchScreen.storyboard in Resources */,
				4A529BB420D00BBE004284EF /* Assets.xcassets in Resources */,
				4A529BB220D00BBB004284EF /* Main.storyboard in Resources */,
			);
			runOnlyForDeploymentPostprocessing = 0;
		};
/* End PBXResourcesBuildPhase section */

/* Begin PBXShellScriptBuildPhase section */
		7DBBB575840E2B396A232DBD /* [CP] Check Pods Manifest.lock */ = {
			isa = PBXShellScriptBuildPhase;
			buildActionMask = 2147483647;
			files = (
			);
			inputPaths = (
				"${PODS_PODFILE_DIR_PATH}/Podfile.lock",
				"${PODS_ROOT}/Manifest.lock",
			);
			name = "[CP] Check Pods Manifest.lock";
			outputPaths = (
				"$(DERIVED_FILE_DIR)/Pods-FinanteqInterview-checkManifestLockResult.txt",
			);
			runOnlyForDeploymentPostprocessing = 0;
			shellPath = /bin/sh;
			shellScript = "diff \"${PODS_PODFILE_DIR_PATH}/Podfile.lock\" \"${PODS_ROOT}/Manifest.lock\" > /dev/null\nif [ $? != 0 ] ; then\n    # print error to STDERR\n    echo \"error: The sandbox is not in sync with the Podfile.lock. Run 'pod install' or update your CocoaPods installation.\" >&2\n    exit 1\nfi\n# This output is used by Xcode 'outputs' to avoid re-running this script phase.\necho \"SUCCESS\" > \"${SCRIPT_OUTPUT_FILE_0}\"\n";
			showEnvVarsInLog = 0;
		};
		88AAEA5BB807FBA5EB29EF78 /* [CP] Embed Pods Frameworks */ = {
			isa = PBXShellScriptBuildPhase;
			buildActionMask = 2147483647;
			files = (
			);
			inputPaths = (
				"${SRCROOT}/Pods/Target Support Files/Pods-FinanteqInterview/Pods-FinanteqInterview-frameworks.sh",
				"${BUILT_PRODUCTS_DIR}/Alamofire/Alamofire.framework",
				"${BUILT_PRODUCTS_DIR}/Kingfisher/Kingfisher.framework",
			);
			name = "[CP] Embed Pods Frameworks";
			outputPaths = (
				"${TARGET_BUILD_DIR}/${FRAMEWORKS_FOLDER_PATH}/Alamofire.framework",
				"${TARGET_BUILD_DIR}/${FRAMEWORKS_FOLDER_PATH}/Kingfisher.framework",
			);
			runOnlyForDeploymentPostprocessing = 0;
			shellPath = /bin/sh;
			shellScript = "\"${SRCROOT}/Pods/Target Support Files/Pods-FinanteqInterview/Pods-FinanteqInterview-frameworks.sh\"\n";
			showEnvVarsInLog = 0;
		};
/* End PBXShellScriptBuildPhase section */

/* Begin PBXSourcesBuildPhase section */
		4A529BA520D00BBB004284EF /* Sources */ = {
			isa = PBXSourcesBuildPhase;
			buildActionMask = 2147483647;
			files = (
				4A529BAF20D00BBB004284EF /* ViewController.swift in Sources */,
				4A529BAD20D00BBB004284EF /* AppDelegate.swift in Sources */,
			);
			runOnlyForDeploymentPostprocessing = 0;
		};
/* End PBXSourcesBuildPhase section */

/* Begin PBXVariantGroup section */
		4A529BB020D00BBB004284EF /* Main.storyboard */ = {
			isa = PBXVariantGroup;
			children = (
				4A529BB120D00BBB004284EF /* Base */,
			);
			name = Main.storyboard;
			sourceTree = "<group>";
		};
		4A529BB520D00BBE004284EF /* LaunchScreen.storyboard */ = {
			isa = PBXVariantGroup;
			children = (
				4A529BB620D00BBE004284EF /* Base */,
			);
			name = LaunchScreen.storyboard;
			sourceTree = "<group>";
		};
/* End PBXVariantGroup section */

/* Begin XCBuildConfiguration section */
		4A529BB920D00BBE004284EF /* Debug */ = {
			isa = XCBuildConfiguration;
			buildSettings = {
				ALWAYS_SEARCH_USER_PATHS = NO;
				CLANG_ANALYZER_NONNULL = YES;
				CLANG_ANALYZER_NUMBER_OBJECT_CONVERSION = YES_AGGRESSIVE;
				CLANG_CXX_LANGUAGE_STANDARD = "gnu++14";
				CLANG_CXX_LIBRARY = "libc++";
				CLANG_ENABLE_MODULES = YES;
				CLANG_ENABLE_OBJC_ARC = YES;
				CLANG_ENABLE_OBJC_WEAK = YES;
				CLANG_WARN_BLOCK_CAPTURE_AUTORELEASING = YES;
				CLANG_WARN_BOOL_CONVERSION = YES;
				CLANG_WARN_COMMA = YES;
				CLANG_WARN_CONSTANT_CONVERSION = YES;
				CLANG_WARN_DEPRECATED_OBJC_IMPLEMENTATIONS = YES;
				CLANG_WARN_DIRECT_OBJC_ISA_USAGE = YES_ERROR;
				CLANG_WARN_DOCUMENTATION_COMMENTS = YES;
				CLANG_WARN_EMPTY_BODY = YES;
				CLANG_WARN_ENUM_CONVERSION = YES;
				CLANG_WARN_INFINITE_RECURSION = YES;
				CLANG_WARN_INT_CONVERSION = YES;
				CLANG_WARN_NON_LITERAL_NULL_CONVERSION = YES;
				CLANG_WARN_OBJC_IMPLICIT_RETAIN_SELF = YES;
				CLANG_WARN_OBJC_LITERAL_CONVERSION = YES;
				CLANG_WARN_OBJC_ROOT_CLASS = YES_ERROR;
				CLANG_WARN_RANGE_LOOP_ANALYSIS = YES;
				CLANG_WARN_STRICT_PROTOTYPES = YES;
				CLANG_WARN_SUSPICIOUS_MOVE = YES;
				CLANG_WARN_UNGUARDED_AVAILABILITY = YES_AGGRESSIVE;
				CLANG_WARN_UNREACHABLE_CODE = YES;
				CLANG_WARN__DUPLICATE_METHOD_MATCH = YES;
				CODE_SIGN_IDENTITY = "iPhone Developer";
				COPY_PHASE_STRIP = NO;
				DEBUG_INFORMATION_FORMAT = dwarf;
				ENABLE_STRICT_OBJC_MSGSEND = YES;
				ENABLE_TESTABILITY = YES;
				GCC_C_LANGUAGE_STANDARD = gnu11;
				GCC_DYNAMIC_NO_PIC = NO;
				GCC_NO_COMMON_BLOCKS = YES;
				GCC_OPTIMIZATION_LEVEL = 0;
				GCC_PREPROCESSOR_DEFINITIONS = (
					"DEBUG=1",
					"$(inherited)",
				);
				GCC_WARN_64_TO_32_BIT_CONVERSION = YES;
				GCC_WARN_ABOUT_RETURN_TYPE = YES_ERROR;
				GCC_WARN_UNDECLARED_SELECTOR = YES;
				GCC_WARN_UNINITIALIZED_AUTOS = YES_AGGRESSIVE;
				GCC_WARN_UNUSED_FUNCTION = YES;
				GCC_WARN_UNUSED_VARIABLE = YES;
				IPHONEOS_DEPLOYMENT_TARGET = 11.3;
				MTL_ENABLE_DEBUG_INFO = YES;
				ONLY_ACTIVE_ARCH = YES;
				SDKROOT = iphoneos;
				SWIFT_ACTIVE_COMPILATION_CONDITIONS = DEBUG;
				SWIFT_OPTIMIZATION_LEVEL = "-Onone";
			};
			name = Debug;
		};
		4A529BBA20D00BBE004284EF /* Release */ = {
			isa = XCBuildConfiguration;
			buildSettings = {
				ALWAYS_SEARCH_USER_PATHS = NO;
				CLANG_ANALYZER_NONNULL = YES;
				CLANG_ANALYZER_NUMBER_OBJECT_CONVERSION = YES_AGGRESSIVE;
				CLANG_CXX_LANGUAGE_STANDARD = "gnu++14";
				CLANG_CXX_LIBRARY = "libc++";
				CLANG_ENABLE_MODULES = YES;
				CLANG_ENABLE_OBJC_ARC = YES;
				CLANG_ENABLE_OBJC_WEAK = YES;
				CLANG_WARN_BLOCK_CAPTURE_AUTORELEASING = YES;
				CLANG_WARN_BOOL_CONVERSION = YES;
				CLANG_WARN_COMMA = YES;
				CLANG_WARN_CONSTANT_CONVERSION = YES;
				CLANG_WARN_DEPRECATED_OBJC_IMPLEMENTATIONS = YES;
				CLANG_WARN_DIRECT_OBJC_ISA_USAGE = YES_ERROR;
				CLANG_WARN_DOCUMENTATION_COMMENTS = YES;
				CLANG_WARN_EMPTY_BODY = YES;
				CLANG_WARN_ENUM_CONVERSION = YES;
				CLANG_WARN_INFINITE_RECURSION = YES;
				CLANG_WARN_INT_CONVERSION = YES;
				CLANG_WARN_NON_LITERAL_NULL_CONVERSION = YES;
				CLANG_WARN_OBJC_IMPLICIT_RETAIN_SELF = YES;
				CLANG_WARN_OBJC_LITERAL_CONVERSION = YES;
				CLANG_WARN_OBJC_ROOT_CLASS = YES_ERROR;
				CLANG_WARN_RANGE_LOOP_ANALYSIS = YES;
				CLANG_WARN_STRICT_PROTOTYPES = YES;
				CLANG_WARN_SUSPICIOUS_MOVE = YES;
				CLANG_WARN_UNGUARDED_AVAILABILITY = YES_AGGRESSIVE;
				CLANG_WARN_UNREACHABLE_CODE = YES;
				CLANG_WARN__DUPLICATE_METHOD_MATCH = YES;
				CODE_SIGN_IDENTITY = "iPhone Developer";
				COPY_PHASE_STRIP = NO;
				DEBUG_INFORMATION_FORMAT = "dwarf-with-dsym";
				ENABLE_NS_ASSERTIONS = NO;
				ENABLE_STRICT_OBJC_MSGSEND = YES;
				GCC_C_LANGUAGE_STANDARD = gnu11;
				GCC_NO_COMMON_BLOCKS = YES;
				GCC_WARN_64_TO_32_BIT_CONVERSION = YES;
				GCC_WARN_ABOUT_RETURN_TYPE = YES_ERROR;
				GCC_WARN_UNDECLARED_SELECTOR = YES;
				GCC_WARN_UNINITIALIZED_AUTOS = YES_AGGRESSIVE;
				GCC_WARN_UNUSED_FUNCTION = YES;
				GCC_WARN_UNUSED_VARIABLE = YES;
				IPHONEOS_DEPLOYMENT_TARGET = 11.3;
				MTL_ENABLE_DEBUG_INFO = NO;
				SDKROOT = iphoneos;
				SWIFT_COMPILATION_MODE = wholemodule;
				SWIFT_OPTIMIZATION_LEVEL = "-O";
				VALIDATE_PRODUCT = YES;
			};
			name = Release;
		};
		4A529BBC20D00BBE004284EF /* Debug */ = {
			isa = XCBuildConfiguration;
			baseConfigurationReference = 4FBC223266F37BD92D05AD38 /* Pods-FinanteqInterview.debug.xcconfig */;
			buildSettings = {
				ASSETCATALOG_COMPILER_APPICON_NAME = AppIcon;
				CODE_SIGN_STYLE = Automatic;
				DEVELOPMENT_TEAM = 3329HJBR8A;
				INFOPLIST_FILE = FinanteqInterview/Info.plist;
				IPHONEOS_DEPLOYMENT_TARGET = 10.0;
				LD_RUNPATH_SEARCH_PATHS = "$(inherited) @executable_path/Frameworks";
				PRODUCT_BUNDLE_IDENTIFIER = com.dompat.FinanteqInterview;
				PRODUCT_NAME = "$(TARGET_NAME)";
				SWIFT_VERSION = 4.0;
				TARGETED_DEVICE_FAMILY = "1,2";
			};
			name = Debug;
		};
		4A529BBD20D00BBE004284EF /* Release */ = {
			isa = XCBuildConfiguration;
			baseConfigurationReference = 35A0533D334F6C8145AA4F48 /* Pods-FinanteqInterview.release.xcconfig */;
			buildSettings = {
				ASSETCATALOG_COMPILER_APPICON_NAME = AppIcon;
				CODE_SIGN_STYLE = Automatic;
				DEVELOPMENT_TEAM = 3329HJBR8A;
				INFOPLIST_FILE = FinanteqInterview/Info.plist;
				IPHONEOS_DEPLOYMENT_TARGET = 10.0;
				LD_RUNPATH_SEARCH_PATHS = "$(inherited) @executable_path/Frameworks";
				PRODUCT_BUNDLE_IDENTIFIER = com.dompat.FinanteqInterview;
				PRODUCT_NAME = "$(TARGET_NAME)";
				SWIFT_VERSION = 4.0;
				TARGETED_DEVICE_FAMILY = "1,2";
			};
			name = Release;
		};
/* End XCBuildConfiguration section */

/* Begin XCConfigurationList section */
		4A529BA420D00BBB004284EF /* Build configuration list for PBXProject "FinanteqInterview" */ = {
			isa = XCConfigurationList;
			buildConfigurations = (
				4A529BB920D00BBE004284EF /* Debug */,
				4A529BBA20D00BBE004284EF /* Release */,
			);
			defaultConfigurationIsVisible = 0;
			defaultConfigurationName = Release;
		};
		4A529BBB20D00BBE004284EF /* Build configuration list for PBXNativeTarget "FinanteqInterview" */ = {
			isa = XCConfigurationList;
			buildConfigurations = (
				4A529BBC20D00BBE004284EF /* Debug */,
				4A529BBD20D00BBE004284EF /* Release */,
			);
			defaultConfigurationIsVisible = 0;
			defaultConfigurationName = Release;
		};
/* End XCConfigurationList section */
	};
	rootObject = 4A529BA120D00BBB004284EF /* Project object */;
}
