// !$*UTF8*$!
{
	archiveVersion = 1;
	classes = {
	};
	objectVersion = 50;
	objects = {

/* Begin PBXBuildFile section */
		4A529BAD20D00BBB004284EF /* AppDelegate.swift in Sources */ = {isa = PBXBuildFile; fileRef = 4A529BAC20D00BBB004284EF /* AppDelegate.swift */; };
		4A529BB420D00BBE004284EF /* Assets.xcassets in Resources */ = {isa = PBXBuildFile; fileRef = 4A529BB320D00BBE004284EF /* Assets.xcassets */; };
		4A529BB720D00BBE004284EF /* LaunchScreen.storyboard in Resources */ = {isa = PBXBuildFile; fileRef = 4A529BB520D00BBE004284EF /* LaunchScreen.storyboard */; };
		4A529BC420D0192C004284EF /* UserDetailsConfigurator.swift in Sources */ = {isa = PBXBuildFile; fileRef = 4A529BC320D0192C004284EF /* UserDetailsConfigurator.swift */; };
		4A529BC620D0194E004284EF /* UserDetailsInteractor.swift in Sources */ = {isa = PBXBuildFile; fileRef = 4A529BC520D0194E004284EF /* UserDetailsInteractor.swift */; };
		4A529BC820D01968004284EF /* UserDetailsModels.swift in Sources */ = {isa = PBXBuildFile; fileRef = 4A529BC720D01968004284EF /* UserDetailsModels.swift */; };
		4A529BCA20D0197D004284EF /* UserDetailsPresenter.swift in Sources */ = {isa = PBXBuildFile; fileRef = 4A529BC920D0197D004284EF /* UserDetailsPresenter.swift */; };
		4A529BCC20D01991004284EF /* UserDetailsRouter.swift in Sources */ = {isa = PBXBuildFile; fileRef = 4A529BCB20D01991004284EF /* UserDetailsRouter.swift */; };
		4A529BCE20D019B0004284EF /* UserDetailsViewController.swift in Sources */ = {isa = PBXBuildFile; fileRef = 4A529BCD20D019B0004284EF /* UserDetailsViewController.swift */; };
		4A529BD020D01CD3004284EF /* UserListConfigurator.swift in Sources */ = {isa = PBXBuildFile; fileRef = 4A529BCF20D01CD3004284EF /* UserListConfigurator.swift */; };
		4A529BD220D01CEC004284EF /* UserListInteractor.swift in Sources */ = {isa = PBXBuildFile; fileRef = 4A529BD120D01CEC004284EF /* UserListInteractor.swift */; };
		4A529BD420D01D02004284EF /* UserListModels.swift in Sources */ = {isa = PBXBuildFile; fileRef = 4A529BD320D01D02004284EF /* UserListModels.swift */; };
		4A529BD620D01D10004284EF /* UserListPresenter.swift in Sources */ = {isa = PBXBuildFile; fileRef = 4A529BD520D01D10004284EF /* UserListPresenter.swift */; };
		4A529BD820D01D26004284EF /* UserListRouter.swift in Sources */ = {isa = PBXBuildFile; fileRef = 4A529BD720D01D26004284EF /* UserListRouter.swift */; };
		4A529BDA20D01D40004284EF /* UserListViewController.swift in Sources */ = {isa = PBXBuildFile; fileRef = 4A529BD920D01D40004284EF /* UserListViewController.swift */; };
		4A529BDD20D03335004284EF /* UserListView.swift in Sources */ = {isa = PBXBuildFile; fileRef = 4A529BDC20D03335004284EF /* UserListView.swift */; };
		4A529BDF20D0335A004284EF /* UserListView.xib in Resources */ = {isa = PBXBuildFile; fileRef = 4A529BDE20D0335A004284EF /* UserListView.xib */; };
		4A529BE220D033BB004284EF /* UIView+Nib.swift in Sources */ = {isa = PBXBuildFile; fileRef = 4A529BE120D033BB004284EF /* UIView+Nib.swift */; };
		4A529BE520D03A76004284EF /* UserDetailsView.swift in Sources */ = {isa = PBXBuildFile; fileRef = 4A529BE420D03A76004284EF /* UserDetailsView.swift */; };
		4A529BE720D03A9A004284EF /* UserDetailsView.xib in Resources */ = {isa = PBXBuildFile; fileRef = 4A529BE620D03A9A004284EF /* UserDetailsView.xib */; };
		4A529BEB20D041B0004284EF /* User.swift in Sources */ = {isa = PBXBuildFile; fileRef = 4A529BEA20D041B0004284EF /* User.swift */; };
		4A529BEE20D042C6004284EF /* UserWorker.swift in Sources */ = {isa = PBXBuildFile; fileRef = 4A529BED20D042C6004284EF /* UserWorker.swift */; };
		4A529BF120D050D4004284EF /* UserListItemCell.swift in Sources */ = {isa = PBXBuildFile; fileRef = 4A529BF020D050D4004284EF /* UserListItemCell.swift */; };
		4A529BF320D050E4004284EF /* UserListItemCell.xib in Resources */ = {isa = PBXBuildFile; fileRef = 4A529BF220D050E4004284EF /* UserListItemCell.xib */; };
		4A529BF520D05A39004284EF /* UITableView+Nib.swift in Sources */ = {isa = PBXBuildFile; fileRef = 4A529BF420D05A39004284EF /* UITableView+Nib.swift */; };
		4A529BF820D2BC31004284EF /* GithubAPI.swift in Sources */ = {isa = PBXBuildFile; fileRef = 4A529BF720D2BC31004284EF /* GithubAPI.swift */; };
		4A529BFA20D2C52D004284EF /* GithubUserDTO.swift in Sources */ = {isa = PBXBuildFile; fileRef = 4A529BF920D2C52D004284EF /* GithubUserDTO.swift */; };
		4A529BFD20D2CDF7004284EF /* APIService.swift in Sources */ = {isa = PBXBuildFile; fileRef = 4A529BFC20D2CDF7004284EF /* APIService.swift */; };
		4A529BFF20D2DC86004284EF /* DailyMotionUserDTO.swift in Sources */ = {isa = PBXBuildFile; fileRef = 4A529BFE20D2DC86004284EF /* DailyMotionUserDTO.swift */; };
		4A529C0120D2DD59004284EF /* DailyMotionAPI.swift in Sources */ = {isa = PBXBuildFile; fileRef = 4A529C0020D2DD59004284EF /* DailyMotionAPI.swift */; };
		4A529C0420D2E97D004284EF /* Localizable.strings in Resources */ = {isa = PBXBuildFile; fileRef = 4A529C0620D2E97D004284EF /* Localizable.strings */; };
		4A529C0920D2F47D004284EF /* UIViewController+Indicator.swift in Sources */ = {isa = PBXBuildFile; fileRef = 4A529C0820D2F47D004284EF /* UIViewController+Indicator.swift */; };
		C1C928A7B0E84BF83EA0F2F8 /* Pods_FinanteqInterview.framework in Frameworks */ = {isa = PBXBuildFile; fileRef = E50D7E50C53A9AAEAEC86804 /* Pods_FinanteqInterview.framework */; };
/* End PBXBuildFile section */

/* Begin PBXFileReference section */
		35A0533D334F6C8145AA4F48 /* Pods-FinanteqInterview.release.xcconfig */ = {isa = PBXFileReference; includeInIndex = 1; lastKnownFileType = text.xcconfig; name = "Pods-FinanteqInterview.release.xcconfig"; path = "Pods/Target Support Files/Pods-FinanteqInterview/Pods-FinanteqInterview.release.xcconfig"; sourceTree = "<group>"; };
		4A529BA920D00BBB004284EF /* FinanteqInterview.app */ = {isa = PBXFileReference; explicitFileType = wrapper.application; includeInIndex = 0; path = FinanteqInterview.app; sourceTree = BUILT_PRODUCTS_DIR; };
		4A529BAC20D00BBB004284EF /* AppDelegate.swift */ = {isa = PBXFileReference; lastKnownFileType = sourcecode.swift; path = AppDelegate.swift; sourceTree = "<group>"; };
		4A529BB320D00BBE004284EF /* Assets.xcassets */ = {isa = PBXFileReference; lastKnownFileType = folder.assetcatalog; path = Assets.xcassets; sourceTree = "<group>"; };
		4A529BB620D00BBE004284EF /* Base */ = {isa = PBXFileReference; lastKnownFileType = file.storyboard; name = Base; path = Base.lproj/LaunchScreen.storyboard; sourceTree = "<group>"; };
		4A529BB820D00BBE004284EF /* Info.plist */ = {isa = PBXFileReference; lastKnownFileType = text.plist.xml; path = Info.plist; sourceTree = "<group>"; };
		4A529BC320D0192C004284EF /* UserDetailsConfigurator.swift */ = {isa = PBXFileReference; lastKnownFileType = sourcecode.swift; path = UserDetailsConfigurator.swift; sourceTree = "<group>"; };
		4A529BC520D0194E004284EF /* UserDetailsInteractor.swift */ = {isa = PBXFileReference; lastKnownFileType = sourcecode.swift; path = UserDetailsInteractor.swift; sourceTree = "<group>"; };
		4A529BC720D01968004284EF /* UserDetailsModels.swift */ = {isa = PBXFileReference; lastKnownFileType = sourcecode.swift; path = UserDetailsModels.swift; sourceTree = "<group>"; };
		4A529BC920D0197D004284EF /* UserDetailsPresenter.swift */ = {isa = PBXFileReference; lastKnownFileType = sourcecode.swift; path = UserDetailsPresenter.swift; sourceTree = "<group>"; };
		4A529BCB20D01991004284EF /* UserDetailsRouter.swift */ = {isa = PBXFileReference; lastKnownFileType = sourcecode.swift; path = UserDetailsRouter.swift; sourceTree = "<group>"; };
		4A529BCD20D019B0004284EF /* UserDetailsViewController.swift */ = {isa = PBXFileReference; lastKnownFileType = sourcecode.swift; path = UserDetailsViewController.swift; sourceTree = "<group>"; };
		4A529BCF20D01CD3004284EF /* UserListConfigurator.swift */ = {isa = PBXFileReference; lastKnownFileType = sourcecode.swift; path = UserListConfigurator.swift; sourceTree = "<group>"; };
		4A529BD120D01CEC004284EF /* UserListInteractor.swift */ = {isa = PBXFileReference; lastKnownFileType = sourcecode.swift; path = UserListInteractor.swift; sourceTree = "<group>"; };
		4A529BD320D01D02004284EF /* UserListModels.swift */ = {isa = PBXFileReference; lastKnownFileType = sourcecode.swift; path = UserListModels.swift; sourceTree = "<group>"; };
		4A529BD520D01D10004284EF /* UserListPresenter.swift */ = {isa = PBXFileReference; lastKnownFileType = sourcecode.swift; path = UserListPresenter.swift; sourceTree = "<group>"; };
		4A529BD720D01D26004284EF /* UserListRouter.swift */ = {isa = PBXFileReference; lastKnownFileType = sourcecode.swift; path = UserListRouter.swift; sourceTree = "<group>"; };
		4A529BD920D01D40004284EF /* UserListViewController.swift */ = {isa = PBXFileReference; lastKnownFileType = sourcecode.swift; path = UserListViewController.swift; sourceTree = "<group>"; };
		4A529BDC20D03335004284EF /* UserListView.swift */ = {isa = PBXFileReference; lastKnownFileType = sourcecode.swift; path = UserListView.swift; sourceTree = "<group>"; };
		4A529BDE20D0335A004284EF /* UserListView.xib */ = {isa = PBXFileReference; lastKnownFileType = file.xib; path = UserListView.xib; sourceTree = "<group>"; };
		4A529BE120D033BB004284EF /* UIView+Nib.swift */ = {isa = PBXFileReference; lastKnownFileType = sourcecode.swift; path = "UIView+Nib.swift"; sourceTree = "<group>"; };
		4A529BE420D03A76004284EF /* UserDetailsView.swift */ = {isa = PBXFileReference; lastKnownFileType = sourcecode.swift; path = UserDetailsView.swift; sourceTree = "<group>"; };
		4A529BE620D03A9A004284EF /* UserDetailsView.xib */ = {isa = PBXFileReference; lastKnownFileType = file.xib; path = UserDetailsView.xib; sourceTree = "<group>"; };
		4A529BEA20D041B0004284EF /* User.swift */ = {isa = PBXFileReference; lastKnownFileType = sourcecode.swift; path = User.swift; sourceTree = "<group>"; };
		4A529BED20D042C6004284EF /* UserWorker.swift */ = {isa = PBXFileReference; lastKnownFileType = sourcecode.swift; path = UserWorker.swift; sourceTree = "<group>"; };
		4A529BF020D050D4004284EF /* UserListItemCell.swift */ = {isa = PBXFileReference; lastKnownFileType = sourcecode.swift; path = UserListItemCell.swift; sourceTree = "<group>"; };
		4A529BF220D050E4004284EF /* UserListItemCell.xib */ = {isa = PBXFileReference; lastKnownFileType = file.xib; path = UserListItemCell.xib; sourceTree = "<group>"; };
		4A529BF420D05A39004284EF /* UITableView+Nib.swift */ = {isa = PBXFileReference; lastKnownFileType = sourcecode.swift; path = "UITableView+Nib.swift"; sourceTree = "<group>"; };
		4A529BF720D2BC31004284EF /* GithubAPI.swift */ = {isa = PBXFileReference; lastKnownFileType = sourcecode.swift; path = GithubAPI.swift; sourceTree = "<group>"; };
		4A529BF920D2C52D004284EF /* GithubUserDTO.swift */ = {isa = PBXFileReference; lastKnownFileType = sourcecode.swift; path = GithubUserDTO.swift; sourceTree = "<group>"; };
		4A529BFC20D2CDF7004284EF /* APIService.swift */ = {isa = PBXFileReference; lastKnownFileType = sourcecode.swift; path = APIService.swift; sourceTree = "<group>"; };
		4A529BFE20D2DC86004284EF /* DailyMotionUserDTO.swift */ = {isa = PBXFileReference; lastKnownFileType = sourcecode.swift; path = DailyMotionUserDTO.swift; sourceTree = "<group>"; };
		4A529C0020D2DD59004284EF /* DailyMotionAPI.swift */ = {isa = PBXFileReference; lastKnownFileType = sourcecode.swift; path = DailyMotionAPI.swift; sourceTree = "<group>"; };
		4A529C0520D2E97D004284EF /* en */ = {isa = PBXFileReference; lastKnownFileType = text.plist.strings; name = en; path = en.lproj/Localizable.strings; sourceTree = "<group>"; };
		4A529C0720D2EA50004284EF /* Base */ = {isa = PBXFileReference; lastKnownFileType = text.plist.strings; name = Base; path = Base.lproj/Localizable.strings; sourceTree = "<group>"; };
		4A529C0820D2F47D004284EF /* UIViewController+Indicator.swift */ = {isa = PBXFileReference; lastKnownFileType = sourcecode.swift; path = "UIViewController+Indicator.swift"; sourceTree = "<group>"; };
		4FBC223266F37BD92D05AD38 /* Pods-FinanteqInterview.debug.xcconfig */ = {isa = PBXFileReference; includeInIndex = 1; lastKnownFileType = text.xcconfig; name = "Pods-FinanteqInterview.debug.xcconfig"; path = "Pods/Target Support Files/Pods-FinanteqInterview/Pods-FinanteqInterview.debug.xcconfig"; sourceTree = "<group>"; };
		E50D7E50C53A9AAEAEC86804 /* Pods_FinanteqInterview.framework */ = {isa = PBXFileReference; explicitFileType = wrapper.framework; includeInIndex = 0; path = Pods_FinanteqInterview.framework; sourceTree = BUILT_PRODUCTS_DIR; };
/* End PBXFileReference section */

/* Begin PBXFrameworksBuildPhase section */
		4A529BA620D00BBB004284EF /* Frameworks */ = {
			isa = PBXFrameworksBuildPhase;
			buildActionMask = 2147483647;
			files = (
				C1C928A7B0E84BF83EA0F2F8 /* Pods_FinanteqInterview.framework in Frameworks */,
			);
			runOnlyForDeploymentPostprocessing = 0;
		};
/* End PBXFrameworksBuildPhase section */

/* Begin PBXGroup section */
		187C53CE1005BC7C7CF02659 /* Frameworks */ = {
			isa = PBXGroup;
			children = (
				E50D7E50C53A9AAEAEC86804 /* Pods_FinanteqInterview.framework */,
			);
			name = Frameworks;
			sourceTree = "<group>";
		};
		4A529BA020D00BBB004284EF = {
			isa = PBXGroup;
			children = (
				4A529BAB20D00BBB004284EF /* FinanteqInterview */,
				4A529BAA20D00BBB004284EF /* Products */,
				E30CD89BE7225ABC5A8D6132 /* Pods */,
				187C53CE1005BC7C7CF02659 /* Frameworks */,
			);
			sourceTree = "<group>";
		};
		4A529BAA20D00BBB004284EF /* Products */ = {
			isa = PBXGroup;
			children = (
				4A529BA920D00BBB004284EF /* FinanteqInterview.app */,
			);
			name = Products;
			sourceTree = "<group>";
		};
		4A529BAB20D00BBB004284EF /* FinanteqInterview */ = {
			isa = PBXGroup;
			children = (
				4A529BBE20D00D03004284EF /* Models */,
				4A529BBF20D00D10004284EF /* Common */,
				4A529BC020D00D18004284EF /* Scenes */,
				4A529BAC20D00BBB004284EF /* AppDelegate.swift */,
				4A529BB320D00BBE004284EF /* Assets.xcassets */,
				4A529BB520D00BBE004284EF /* LaunchScreen.storyboard */,
				4A529BB820D00BBE004284EF /* Info.plist */,
				4A529C0620D2E97D004284EF /* Localizable.strings */,
			);
			path = FinanteqInterview;
			sourceTree = "<group>";
		};
		4A529BBE20D00D03004284EF /* Models */ = {
			isa = PBXGroup;
			children = (
				4A529BFB20D2C956004284EF /* DTO */,
				4A529BEA20D041B0004284EF /* User.swift */,
			);
			path = Models;
			sourceTree = "<group>";
		};
		4A529BBF20D00D10004284EF /* Common */ = {
			isa = PBXGroup;
			children = (
				4A529BF620D2B7C1004284EF /* API */,
				4A529BEC20D042B4004284EF /* Workers */,
				4A529BE020D03363004284EF /* Extensions */,
			);
			path = Common;
			sourceTree = "<group>";
		};
		4A529BC020D00D18004284EF /* Scenes */ = {
			isa = PBXGroup;
			children = (
				4A529BC220D017F3004284EF /* UserDetails */,
				4A529BC120D017E3004284EF /* UserList */,
			);
			path = Scenes;
			sourceTree = "<group>";
		};
		4A529BC120D017E3004284EF /* UserList */ = {
			isa = PBXGroup;
			children = (
				4A529BDB20D02982004284EF /* Views */,
				4A529BCF20D01CD3004284EF /* UserListConfigurator.swift */,
				4A529BD120D01CEC004284EF /* UserListInteractor.swift */,
				4A529BD320D01D02004284EF /* UserListModels.swift */,
				4A529BD520D01D10004284EF /* UserListPresenter.swift */,
				4A529BD720D01D26004284EF /* UserListRouter.swift */,
				4A529BD920D01D40004284EF /* UserListViewController.swift */,
			);
			path = UserList;
			sourceTree = "<group>";
		};
		4A529BC220D017F3004284EF /* UserDetails */ = {
			isa = PBXGroup;
			children = (
				4A529BE320D03A5C004284EF /* Views */,
				4A529BC320D0192C004284EF /* UserDetailsConfigurator.swift */,
				4A529BC520D0194E004284EF /* UserDetailsInteractor.swift */,
				4A529BC720D01968004284EF /* UserDetailsModels.swift */,
				4A529BC920D0197D004284EF /* UserDetailsPresenter.swift */,
				4A529BCB20D01991004284EF /* UserDetailsRouter.swift */,
				4A529BCD20D019B0004284EF /* UserDetailsViewController.swift */,
			);
			path = UserDetails;
			sourceTree = "<group>";
		};
		4A529BDB20D02982004284EF /* Views */ = {
			isa = PBXGroup;
			children = (
				4A529BEF20D0508F004284EF /* Cells */,
				4A529BDC20D03335004284EF /* UserListView.swift */,
				4A529BDE20D0335A004284EF /* UserListView.xib */,
			);
			path = Views;
			sourceTree = "<group>";
		};
		4A529BE020D03363004284EF /* Extensions */ = {
			isa = PBXGroup;
			children = (
				4A529BE120D033BB004284EF /* UIView+Nib.swift */,
				4A529BF420D05A39004284EF /* UITableView+Nib.swift */,
				4A529C0820D2F47D004284EF /* UIViewController+Indicator.swift */,
			);
			path = Extensions;
			sourceTree = "<group>";
		};
		4A529BE320D03A5C004284EF /* Views */ = {
			isa = PBXGroup;
			children = (
				4A529BE420D03A76004284EF /* UserDetailsView.swift */,
				4A529BE620D03A9A004284EF /* UserDetailsView.xib */,
			);
			path = Views;
			sourceTree = "<group>";
		};
		4A529BEC20D042B4004284EF /* Workers */ = {
			isa = PBXGroup;
			children = (
				4A529BED20D042C6004284EF /* UserWorker.swift */,
			);
			path = Workers;
			sourceTree = "<group>";
		};
		4A529BEF20D0508F004284EF /* Cells */ = {
			isa = PBXGroup;
			children = (
				4A529BF020D050D4004284EF /* UserListItemCell.swift */,
				4A529BF220D050E4004284EF /* UserListItemCell.xib */,
			);
			path = Cells;
			sourceTree = "<group>";
		};
		4A529BF620D2B7C1004284EF /* API */ = {
			isa = PBXGroup;
			children = (
				4A529BF720D2BC31004284EF /* GithubAPI.swift */,
				4A529BFC20D2CDF7004284EF /* APIService.swift */,
				4A529C0020D2DD59004284EF /* DailyMotionAPI.swift */,
			);
			path = API;
			sourceTree = "<group>";
		};
		4A529BFB20D2C956004284EF /* DTO */ = {
			isa = PBXGroup;
			children = (
				4A529BF920D2C52D004284EF /* GithubUserDTO.swift */,
				4A529BFE20D2DC86004284EF /* DailyMotionUserDTO.swift */,
			);
			path = DTO;
			sourceTree = "<group>";
		};
		E30CD89BE7225ABC5A8D6132 /* Pods */ = {
			isa = PBXGroup;
			children = (
				4FBC223266F37BD92D05AD38 /* Pods-FinanteqInterview.debug.xcconfig */,
				35A0533D334F6C8145AA4F48 /* Pods-FinanteqInterview.release.xcconfig */,
			);
			name = Pods;
			sourceTree = "<group>";
		};
/* End PBXGroup section */

/* Begin PBXNativeTarget section */
		4A529BA820D00BBB004284EF /* FinanteqInterview */ = {
			isa = PBXNativeTarget;
			buildConfigurationList = 4A529BBB20D00BBE004284EF /* Build configuration list for PBXNativeTarget "FinanteqInterview" */;
			buildPhases = (
				7DBBB575840E2B396A232DBD /* [CP] Check Pods Manifest.lock */,
				4A529BA520D00BBB004284EF /* Sources */,
				4A529BA620D00BBB004284EF /* Frameworks */,
				4A529BA720D00BBB004284EF /* Resources */,
				88AAEA5BB807FBA5EB29EF78 /* [CP] Embed Pods Frameworks */,
			);
			buildRules = (
			);
			dependencies = (
			);
			name = FinanteqInterview;
			productName = FinanteqInterview;
			productReference = 4A529BA920D00BBB004284EF /* FinanteqInterview.app */;
			productType = "com.apple.product-type.application";
		};
/* End PBXNativeTarget section */

/* Begin PBXProject section */
		4A529BA120D00BBB004284EF /* Project object */ = {
			isa = PBXProject;
			attributes = {
				LastSwiftUpdateCheck = 0930;
				LastUpgradeCheck = 0930;
				ORGANIZATIONNAME = "Dom-Pat";
				TargetAttributes = {
					4A529BA820D00BBB004284EF = {
						CreatedOnToolsVersion = 9.3;
					};
				};
			};
			buildConfigurationList = 4A529BA420D00BBB004284EF /* Build configuration list for PBXProject "FinanteqInterview" */;
			compatibilityVersion = "Xcode 9.3";
			developmentRegion = en;
			hasScannedForEncodings = 0;
			knownRegions = (
				en,
				Base,
			);
			mainGroup = 4A529BA020D00BBB004284EF;
			productRefGroup = 4A529BAA20D00BBB004284EF /* Products */;
			projectDirPath = "";
			projectRoot = "";
			targets = (
				4A529BA820D00BBB004284EF /* FinanteqInterview */,
			);
		};
/* End PBXProject section */

/* Begin PBXResourcesBuildPhase section */
		4A529BA720D00BBB004284EF /* Resources */ = {
			isa = PBXResourcesBuildPhase;
			buildActionMask = 2147483647;
			files = (
				4A529BE720D03A9A004284EF /* UserDetailsView.xib in Resources */,
				4A529C0420D2E97D004284EF /* Localizable.strings in Resources */,
				4A529BF320D050E4004284EF /* UserListItemCell.xib in Resources */,
				4A529BB720D00BBE004284EF /* LaunchScreen.storyboard in Resources */,
				4A529BB420D00BBE004284EF /* Assets.xcassets in Resources */,
				4A529BDF20D0335A004284EF /* UserListView.xib in Resources */,
			);
			runOnlyForDeploymentPostprocessing = 0;
		};
/* End PBXResourcesBuildPhase section */

/* Begin PBXShellScriptBuildPhase section */
		7DBBB575840E2B396A232DBD /* [CP] Check Pods Manifest.lock */ = {
			isa = PBXShellScriptBuildPhase;
			buildActionMask = 2147483647;
			files = (
			);
			inputPaths = (
				"${PODS_PODFILE_DIR_PATH}/Podfile.lock",
				"${PODS_ROOT}/Manifest.lock",
			);
			name = "[CP] Check Pods Manifest.lock";
			outputPaths = (
				"$(DERIVED_FILE_DIR)/Pods-FinanteqInterview-checkManifestLockResult.txt",
			);
			runOnlyForDeploymentPostprocessing = 0;
			shellPath = /bin/sh;
			shellScript = "diff \"${PODS_PODFILE_DIR_PATH}/Podfile.lock\" \"${PODS_ROOT}/Manifest.lock\" > /dev/null\nif [ $? != 0 ] ; then\n    # print error to STDERR\n    echo \"error: The sandbox is not in sync with the Podfile.lock. Run 'pod install' or update your CocoaPods installation.\" >&2\n    exit 1\nfi\n# This output is used by Xcode 'outputs' to avoid re-running this script phase.\necho \"SUCCESS\" > \"${SCRIPT_OUTPUT_FILE_0}\"\n";
			showEnvVarsInLog = 0;
		};
		88AAEA5BB807FBA5EB29EF78 /* [CP] Embed Pods Frameworks */ = {
			isa = PBXShellScriptBuildPhase;
			buildActionMask = 2147483647;
			files = (
			);
			inputPaths = (
				"${SRCROOT}/Pods/Target Support Files/Pods-FinanteqInterview/Pods-FinanteqInterview-frameworks.sh",
				"${BUILT_PRODUCTS_DIR}/Alamofire/Alamofire.framework",
				"${BUILT_PRODUCTS_DIR}/HydraAsync/Hydra.framework",
				"${BUILT_PRODUCTS_DIR}/Kingfisher/Kingfisher.framework",
				"${BUILT_PRODUCTS_DIR}/Moya/Moya.framework",
				"${BUILT_PRODUCTS_DIR}/NVActivityIndicatorView/NVActivityIndicatorView.framework",
				"${BUILT_PRODUCTS_DIR}/ObjectMapper/ObjectMapper.framework",
				"${BUILT_PRODUCTS_DIR}/Result/Result.framework",
				"${BUILT_PRODUCTS_DIR}/SwiftyJSON/SwiftyJSON.framework",
			);
			name = "[CP] Embed Pods Frameworks";
			outputPaths = (
				"${TARGET_BUILD_DIR}/${FRAMEWORKS_FOLDER_PATH}/Alamofire.framework",
				"${TARGET_BUILD_DIR}/${FRAMEWORKS_FOLDER_PATH}/Hydra.framework",
				"${TARGET_BUILD_DIR}/${FRAMEWORKS_FOLDER_PATH}/Kingfisher.framework",
				"${TARGET_BUILD_DIR}/${FRAMEWORKS_FOLDER_PATH}/Moya.framework",
				"${TARGET_BUILD_DIR}/${FRAMEWORKS_FOLDER_PATH}/NVActivityIndicatorView.framework",
				"${TARGET_BUILD_DIR}/${FRAMEWORKS_FOLDER_PATH}/ObjectMapper.framework",
				"${TARGET_BUILD_DIR}/${FRAMEWORKS_FOLDER_PATH}/Result.framework",
				"${TARGET_BUILD_DIR}/${FRAMEWORKS_FOLDER_PATH}/SwiftyJSON.framework",
			);
			runOnlyForDeploymentPostprocessing = 0;
			shellPath = /bin/sh;
			shellScript = "\"${SRCROOT}/Pods/Target Support Files/Pods-FinanteqInterview/Pods-FinanteqInterview-frameworks.sh\"\n";
			showEnvVarsInLog = 0;
		};
/* End PBXShellScriptBuildPhase section */

/* Begin PBXSourcesBuildPhase section */
		4A529BA520D00BBB004284EF /* Sources */ = {
			isa = PBXSourcesBuildPhase;
			buildActionMask = 2147483647;
			files = (
				4A529BEE20D042C6004284EF /* UserWorker.swift in Sources */,
				4A529BE520D03A76004284EF /* UserDetailsView.swift in Sources */,
				4A529BF120D050D4004284EF /* UserListItemCell.swift in Sources */,
				4A529BC420D0192C004284EF /* UserDetailsConfigurator.swift in Sources */,
				4A529BDD20D03335004284EF /* UserListView.swift in Sources */,
				4A529BFA20D2C52D004284EF /* GithubUserDTO.swift in Sources */,
				4A529BD620D01D10004284EF /* UserListPresenter.swift in Sources */,
				4A529BCC20D01991004284EF /* UserDetailsRouter.swift in Sources */,
				4A529BC620D0194E004284EF /* UserDetailsInteractor.swift in Sources */,
				4A529BC820D01968004284EF /* UserDetailsModels.swift in Sources */,
				4A529BF520D05A39004284EF /* UITableView+Nib.swift in Sources */,
				4A529BEB20D041B0004284EF /* User.swift in Sources */,
				4A529BCA20D0197D004284EF /* UserDetailsPresenter.swift in Sources */,
				4A529BE220D033BB004284EF /* UIView+Nib.swift in Sources */,
				4A529C0120D2DD59004284EF /* DailyMotionAPI.swift in Sources */,
				4A529BDA20D01D40004284EF /* UserListViewController.swift in Sources */,
				4A529BD020D01CD3004284EF /* UserListConfigurator.swift in Sources */,
				4A529BD220D01CEC004284EF /* UserListInteractor.swift in Sources */,
				4A529C0920D2F47D004284EF /* UIViewController+Indicator.swift in Sources */,
				4A529BD820D01D26004284EF /* UserListRouter.swift in Sources */,
				4A529BFF20D2DC86004284EF /* DailyMotionUserDTO.swift in Sources */,
				4A529BFD20D2CDF7004284EF /* APIService.swift in Sources */,
				4A529BCE20D019B0004284EF /* UserDetailsViewController.swift in Sources */,
				4A529BD420D01D02004284EF /* UserListModels.swift in Sources */,
				4A529BF820D2BC31004284EF /* GithubAPI.swift in Sources */,
				4A529BAD20D00BBB004284EF /* AppDelegate.swift in Sources */,
			);
			runOnlyForDeploymentPostprocessing = 0;
		};
/* End PBXSourcesBuildPhase section */

/* Begin PBXVariantGroup section */
		4A529BB520D00BBE004284EF /* LaunchScreen.storyboard */ = {
			isa = PBXVariantGroup;
			children = (
				4A529BB620D00BBE004284EF /* Base */,
			);
			name = LaunchScreen.storyboard;
			sourceTree = "<group>";
		};
		4A529C0620D2E97D004284EF /* Localizable.strings */ = {
			isa = PBXVariantGroup;
			children = (
				4A529C0520D2E97D004284EF /* en */,
				4A529C0720D2EA50004284EF /* Base */,
			);
			name = Localizable.strings;
			sourceTree = "<group>";
		};
/* End PBXVariantGroup section */

/* Begin XCBuildConfiguration section */
		4A529BB920D00BBE004284EF /* Debug */ = {
			isa = XCBuildConfiguration;
			buildSettings = {
				ALWAYS_SEARCH_USER_PATHS = NO;
				CLANG_ANALYZER_NONNULL = YES;
				CLANG_ANALYZER_NUMBER_OBJECT_CONVERSION = YES_AGGRESSIVE;
				CLANG_CXX_LANGUAGE_STANDARD = "gnu++14";
				CLANG_CXX_LIBRARY = "libc++";
				CLANG_ENABLE_MODULES = YES;
				CLANG_ENABLE_OBJC_ARC = YES;
				CLANG_ENABLE_OBJC_WEAK = YES;
				CLANG_WARN_BLOCK_CAPTURE_AUTORELEASING = YES;
				CLANG_WARN_BOOL_CONVERSION = YES;
				CLANG_WARN_COMMA = YES;
				CLANG_WARN_CONSTANT_CONVERSION = YES;
				CLANG_WARN_DEPRECATED_OBJC_IMPLEMENTATIONS = YES;
				CLANG_WARN_DIRECT_OBJC_ISA_USAGE = YES_ERROR;
				CLANG_WARN_DOCUMENTATION_COMMENTS = YES;
				CLANG_WARN_EMPTY_BODY = YES;
				CLANG_WARN_ENUM_CONVERSION = YES;
				CLANG_WARN_INFINITE_RECURSION = YES;
				CLANG_WARN_INT_CONVERSION = YES;
				CLANG_WARN_NON_LITERAL_NULL_CONVERSION = YES;
				CLANG_WARN_OBJC_IMPLICIT_RETAIN_SELF = YES;
				CLANG_WARN_OBJC_LITERAL_CONVERSION = YES;
				CLANG_WARN_OBJC_ROOT_CLASS = YES_ERROR;
				CLANG_WARN_RANGE_LOOP_ANALYSIS = YES;
				CLANG_WARN_STRICT_PROTOTYPES = YES;
				CLANG_WARN_SUSPICIOUS_MOVE = YES;
				CLANG_WARN_UNGUARDED_AVAILABILITY = YES_AGGRESSIVE;
				CLANG_WARN_UNREACHABLE_CODE = YES;
				CLANG_WARN__DUPLICATE_METHOD_MATCH = YES;
				CODE_SIGN_IDENTITY = "iPhone Developer";
				COPY_PHASE_STRIP = NO;
				DEBUG_INFORMATION_FORMAT = dwarf;
				ENABLE_STRICT_OBJC_MSGSEND = YES;
				ENABLE_TESTABILITY = YES;
				GCC_C_LANGUAGE_STANDARD = gnu11;
				GCC_DYNAMIC_NO_PIC = NO;
				GCC_NO_COMMON_BLOCKS = YES;
				GCC_OPTIMIZATION_LEVEL = 0;
				GCC_PREPROCESSOR_DEFINITIONS = (
					"DEBUG=1",
					"$(inherited)",
				);
				GCC_WARN_64_TO_32_BIT_CONVERSION = YES;
				GCC_WARN_ABOUT_RETURN_TYPE = YES_ERROR;
				GCC_WARN_UNDECLARED_SELECTOR = YES;
				GCC_WARN_UNINITIALIZED_AUTOS = YES_AGGRESSIVE;
				GCC_WARN_UNUSED_FUNCTION = YES;
				GCC_WARN_UNUSED_VARIABLE = YES;
				IPHONEOS_DEPLOYMENT_TARGET = 11.3;
				MTL_ENABLE_DEBUG_INFO = YES;
				ONLY_ACTIVE_ARCH = YES;
				SDKROOT = iphoneos;
				SWIFT_ACTIVE_COMPILATION_CONDITIONS = DEBUG;
				SWIFT_OPTIMIZATION_LEVEL = "-Onone";
			};
			name = Debug;
		};
		4A529BBA20D00BBE004284EF /* Release */ = {
			isa = XCBuildConfiguration;
			buildSettings = {
				ALWAYS_SEARCH_USER_PATHS = NO;
				CLANG_ANALYZER_NONNULL = YES;
				CLANG_ANALYZER_NUMBER_OBJECT_CONVERSION = YES_AGGRESSIVE;
				CLANG_CXX_LANGUAGE_STANDARD = "gnu++14";
				CLANG_CXX_LIBRARY = "libc++";
				CLANG_ENABLE_MODULES = YES;
				CLANG_ENABLE_OBJC_ARC = YES;
				CLANG_ENABLE_OBJC_WEAK = YES;
				CLANG_WARN_BLOCK_CAPTURE_AUTORELEASING = YES;
				CLANG_WARN_BOOL_CONVERSION = YES;
				CLANG_WARN_COMMA = YES;
				CLANG_WARN_CONSTANT_CONVERSION = YES;
				CLANG_WARN_DEPRECATED_OBJC_IMPLEMENTATIONS = YES;
				CLANG_WARN_DIRECT_OBJC_ISA_USAGE = YES_ERROR;
				CLANG_WARN_DOCUMENTATION_COMMENTS = YES;
				CLANG_WARN_EMPTY_BODY = YES;
				CLANG_WARN_ENUM_CONVERSION = YES;
				CLANG_WARN_INFINITE_RECURSION = YES;
				CLANG_WARN_INT_CONVERSION = YES;
				CLANG_WARN_NON_LITERAL_NULL_CONVERSION = YES;
				CLANG_WARN_OBJC_IMPLICIT_RETAIN_SELF = YES;
				CLANG_WARN_OBJC_LITERAL_CONVERSION = YES;
				CLANG_WARN_OBJC_ROOT_CLASS = YES_ERROR;
				CLANG_WARN_RANGE_LOOP_ANALYSIS = YES;
				CLANG_WARN_STRICT_PROTOTYPES = YES;
				CLANG_WARN_SUSPICIOUS_MOVE = YES;
				CLANG_WARN_UNGUARDED_AVAILABILITY = YES_AGGRESSIVE;
				CLANG_WARN_UNREACHABLE_CODE = YES;
				CLANG_WARN__DUPLICATE_METHOD_MATCH = YES;
				CODE_SIGN_IDENTITY = "iPhone Developer";
				COPY_PHASE_STRIP = NO;
				DEBUG_INFORMATION_FORMAT = "dwarf-with-dsym";
				ENABLE_NS_ASSERTIONS = NO;
				ENABLE_STRICT_OBJC_MSGSEND = YES;
				GCC_C_LANGUAGE_STANDARD = gnu11;
				GCC_NO_COMMON_BLOCKS = YES;
				GCC_WARN_64_TO_32_BIT_CONVERSION = YES;
				GCC_WARN_ABOUT_RETURN_TYPE = YES_ERROR;
				GCC_WARN_UNDECLARED_SELECTOR = YES;
				GCC_WARN_UNINITIALIZED_AUTOS = YES_AGGRESSIVE;
				GCC_WARN_UNUSED_FUNCTION = YES;
				GCC_WARN_UNUSED_VARIABLE = YES;
				IPHONEOS_DEPLOYMENT_TARGET = 11.3;
				MTL_ENABLE_DEBUG_INFO = NO;
				SDKROOT = iphoneos;
				SWIFT_COMPILATION_MODE = wholemodule;
				SWIFT_OPTIMIZATION_LEVEL = "-O";
				VALIDATE_PRODUCT = YES;
			};
			name = Release;
		};
		4A529BBC20D00BBE004284EF /* Debug */ = {
			isa = XCBuildConfiguration;
			baseConfigurationReference = 4FBC223266F37BD92D05AD38 /* Pods-FinanteqInterview.debug.xcconfig */;
			buildSettings = {
				ASSETCATALOG_COMPILER_APPICON_NAME = AppIcon;
				CODE_SIGN_STYLE = Automatic;
				DEVELOPMENT_TEAM = 3329HJBR8A;
				INFOPLIST_FILE = FinanteqInterview/Info.plist;
				IPHONEOS_DEPLOYMENT_TARGET = 10.0;
				LD_RUNPATH_SEARCH_PATHS = "$(inherited) @executable_path/Frameworks";
				PRODUCT_BUNDLE_IDENTIFIER = com.dompat.FinanteqInterview;
				PRODUCT_NAME = "$(TARGET_NAME)";
				SWIFT_VERSION = 4.0;
				TARGETED_DEVICE_FAMILY = "1,2";
			};
			name = Debug;
		};
		4A529BBD20D00BBE004284EF /* Release */ = {
			isa = XCBuildConfiguration;
			baseConfigurationReference = 35A0533D334F6C8145AA4F48 /* Pods-FinanteqInterview.release.xcconfig */;
			buildSettings = {
				ASSETCATALOG_COMPILER_APPICON_NAME = AppIcon;
				CODE_SIGN_STYLE = Automatic;
				DEVELOPMENT_TEAM = 3329HJBR8A;
				INFOPLIST_FILE = FinanteqInterview/Info.plist;
				IPHONEOS_DEPLOYMENT_TARGET = 10.0;
				LD_RUNPATH_SEARCH_PATHS = "$(inherited) @executable_path/Frameworks";
				PRODUCT_BUNDLE_IDENTIFIER = com.dompat.FinanteqInterview;
				PRODUCT_NAME = "$(TARGET_NAME)";
				SWIFT_VERSION = 4.0;
				TARGETED_DEVICE_FAMILY = "1,2";
			};
			name = Release;
		};
/* End XCBuildConfiguration section */

/* Begin XCConfigurationList section */
		4A529BA420D00BBB004284EF /* Build configuration list for PBXProject "FinanteqInterview" */ = {
			isa = XCConfigurationList;
			buildConfigurations = (
				4A529BB920D00BBE004284EF /* Debug */,
				4A529BBA20D00BBE004284EF /* Release */,
			);
			defaultConfigurationIsVisible = 0;
			defaultConfigurationName = Release;
		};
		4A529BBB20D00BBE004284EF /* Build configuration list for PBXNativeTarget "FinanteqInterview" */ = {
			isa = XCConfigurationList;
			buildConfigurations = (
				4A529BBC20D00BBE004284EF /* Debug */,
				4A529BBD20D00BBE004284EF /* Release */,
			);
			defaultConfigurationIsVisible = 0;
			defaultConfigurationName = Release;
		};
/* End XCConfigurationList section */
	};
	rootObject = 4A529BA120D00BBB004284EF /* Project object */;
}
