PODS:
  - Alamofire (4.7.2)
  - Kingfisher (3.13.1)

DEPENDENCIES:
  - Alamofire (~> 4.7)
  - Kingfisher (~> 3.13)

SPEC REPOS:
  https://github.com/cocoapods/specs.git:
    - Alamofire
    - Kingfisher

SPEC CHECKSUMS:
  Alamofire: e4fa87002c137ba2d8d634d2c51fabcda0d5c223
  Kingfisher: ed9707a409cc47fddafbcd12a43a9757e3600af5

PODFILE CHECKSUM: 4e201cd1349fae2223c2720d8b1a1f811998c6d2

COCOAPODS: 1.5.3
