PODS:
  - Alamofire (4.7.2)
  - HGPlaceholders (0.3.0)
  - HydraAsync (1.2.1)
  - Kingfisher (4.8.0)
  - Moya (11.0.2):
    - Moya/Core (= 11.0.2)
  - Moya/Core (11.0.2):
    - Alamofire (~> 4.1)
    - Result (~> 3.0)
  - ObjectMapper (3.1.0)
  - Result (3.2.4)
  - SwiftyJSON (4.1.0)

DEPENDENCIES:
  - HGPlaceholders
  - HydraAsync
  - Kingfisher (~> 4.8)
  - Moya
  - ObjectMapper
  - SwiftyJSON

SPEC REPOS:
  https://github.com/cocoapods/specs.git:
    - Alamofire
    - HGPlaceholders
    - HydraAsync
    - Kingfisher
    - Moya
    - ObjectMapper
    - Result
    - SwiftyJSON

SPEC CHECKSUMS:
  Alamofire: e4fa87002c137ba2d8d634d2c51fabcda0d5c223
  HGPlaceholders: 2df01c51b04a30acd0b8c9c7161c7cdde4541109
  HydraAsync: 8f2ab62d57e140b4ca587ae0f66e1eb04e8e6965
  Kingfisher: 976d828df2b24834c6a3f2fc4d82cdbd26552be1
  Moya: a725035953bc1c0eb1be505ab903984501d82440
  ObjectMapper: 20505058f54e5c3ca69e1d6de9897d152a5369a6
  Result: d2d07204ce72856f1fd9130bbe42c35a7b0fea10
  SwiftyJSON: c29297daf073d2aa016295d5809cdd68045c39b3

PODFILE CHECKSUM: f52b716e46c3c901e55b52534fd15cc0ce47f957

COCOAPODS: 1.5.3
